
Microsoft Visual Studio Solution File, Format Version 12.00
# Visual Studio Express 2012 for Windows Desktop
Project("{FAE04EC0-301F-11D3-BF4B-00C04F79EFBC}") = "1_ExchangeIfGreater", "1_ExchangeIfGreater\1_ExchangeIfGreater.csproj", "{E6F42F89-47E0-4DDB-8DEE-5277375803A9}"
EndProject
Project("{FAE04EC0-301F-11D3-BF4B-00C04F79EFBC}") = "2_PlusMinusSign", "2_PlusMinusSign\2_PlusMinusSign.csproj", "{69EB9285-CC71-41C0-9233-1FB617E9CB2A}"
EndProject
Project("{FAE04EC0-301F-11D3-BF4B-00C04F79EFBC}") = "3_BiggestOfThree", "3_BiggestOfThree\3_BiggestOfThree.csproj", "{38A01076-008E-4953-92CE-ABDFBFD5F6D7}"
EndProject
Project("{FAE04EC0-301F-11D3-BF4B-00C04F79EFBC}") = "4_DescendingOrder", "4_DescendingOrder\4_DescendingOrder.csproj", "{C81541D0-EDD6-48DB-B238-548FD9D6A914}"
EndProject
Project("{FAE04EC0-301F-11D3-BF4B-00C04F79EFBC}") = "5_PrintDigitName", "5_PrintDigitName\5_PrintDigitName.csproj", "{CC2316AB-1D58-43CF-88DB-5D2535517AE0}"
EndProject
Project("{FAE04EC0-301F-11D3-BF4B-00C04F79EFBC}") = "7_GreatestOfFive", "7_GreatestOfFive\7_GreatestOfFive.csproj", "{96E55EC7-E18C-4781-B66A-F69A874D0C39}"
EndProject
Project("{FAE04EC0-301F-11D3-BF4B-00C04F79EFBC}") = "8_UserChoiceInput", "8_UserChoiceInput\8_UserChoiceInput.csproj", "{3968957C-2CDD-4BFC-94E2-3FF0036DBC01}"
EndProject
Project("{FAE04EC0-301F-11D3-BF4B-00C04F79EFBC}") = "9_SumSubset", "9_SumSubset\9_SumSubset.csproj", "{CA106992-FCAA-4A40-808E-9743E8C767CA}"
EndProject
Project("{FAE04EC0-301F-11D3-BF4B-00C04F79EFBC}") = "10_BonusScores", "10_BonusScores\10_BonusScores.csproj", "{33CDDD00-5006-4DFE-982F-379D60B717E8}"
EndProject
Project("{FAE04EC0-301F-11D3-BF4B-00C04F79EFBC}") = "6_EnterCoefficients", "6_EnterCoefficients\6_EnterCoefficients.csproj", "{E0B99F41-CDDC-441E-81AA-7F49F24A9B1F}"
EndProject
Project("{FAE04EC0-301F-11D3-BF4B-00C04F79EFBC}") = "11_NumberToString", "11_NumberToString\11_NumberToString.csproj", "{9229C5CC-AF91-4009-8959-9B122D2D9F29}"
EndProject
Global
	GlobalSection(SolutionConfigurationPlatforms) = preSolution
		Debug|Any CPU = Debug|Any CPU
		Release|Any CPU = Release|Any CPU
	EndGlobalSection
	GlobalSection(ProjectConfigurationPlatforms) = postSolution
		{E6F42F89-47E0-4DDB-8DEE-5277375803A9}.Debug|Any CPU.ActiveCfg = Debug|Any CPU
		{E6F42F89-47E0-4DDB-8DEE-5277375803A9}.Debug|Any CPU.Build.0 = Debug|Any CPU
		{E6F42F89-47E0-4DDB-8DEE-5277375803A9}.Release|Any CPU.ActiveCfg = Release|Any CPU
		{E6F42F89-47E0-4DDB-8DEE-5277375803A9}.Release|Any CPU.Build.0 = Release|Any CPU
		{69EB9285-CC71-41C0-9233-1FB617E9CB2A}.Debug|Any CPU.ActiveCfg = Debug|Any CPU
		{69EB9285-CC71-41C0-9233-1FB617E9CB2A}.Debug|Any CPU.Build.0 = Debug|Any CPU
		{69EB9285-CC71-41C0-9233-1FB617E9CB2A}.Release|Any CPU.ActiveCfg = Release|Any CPU
		{69EB9285-CC71-41C0-9233-1FB617E9CB2A}.Release|Any CPU.Build.0 = Release|Any CPU
		{38A01076-008E-4953-92CE-ABDFBFD5F6D7}.Debug|Any CPU.ActiveCfg = Debug|Any CPU
		{38A01076-008E-4953-92CE-ABDFBFD5F6D7}.Debug|Any CPU.Build.0 = Debug|Any CPU
		{38A01076-008E-4953-92CE-ABDFBFD5F6D7}.Release|Any CPU.ActiveCfg = Release|Any CPU
		{38A01076-008E-4953-92CE-ABDFBFD5F6D7}.Release|Any CPU.Build.0 = Release|Any CPU
		{C81541D0-EDD6-48DB-B238-548FD9D6A914}.Debug|Any CPU.ActiveCfg = Debug|Any CPU
		{C81541D0-EDD6-48DB-B238-548FD9D6A914}.Debug|Any CPU.Build.0 = Debug|Any CPU
		{C81541D0-EDD6-48DB-B238-548FD9D6A914}.Release|Any CPU.ActiveCfg = Release|Any CPU
		{C81541D0-EDD6-48DB-B238-548FD9D6A914}.Release|Any CPU.Build.0 = Release|Any CPU
		{CC2316AB-1D58-43CF-88DB-5D2535517AE0}.Debug|Any CPU.ActiveCfg = Debug|Any CPU
		{CC2316AB-1D58-43CF-88DB-5D2535517AE0}.Debug|Any CPU.Build.0 = Debug|Any CPU
		{CC2316AB-1D58-43CF-88DB-5D2535517AE0}.Release|Any CPU.ActiveCfg = Release|Any CPU
		{CC2316AB-1D58-43CF-88DB-5D2535517AE0}.Release|Any CPU.Build.0 = Release|Any CPU
		{96E55EC7-E18C-4781-B66A-F69A874D0C39}.Debug|Any CPU.ActiveCfg = Debug|Any CPU
		{96E55EC7-E18C-4781-B66A-F69A874D0C39}.Debug|Any CPU.Build.0 = Debug|Any CPU
		{96E55EC7-E18C-4781-B66A-F69A874D0C39}.Release|Any CPU.ActiveCfg = Release|Any CPU
		{96E55EC7-E18C-4781-B66A-F69A874D0C39}.Release|Any CPU.Build.0 = Release|Any CPU
		{3968957C-2CDD-4BFC-94E2-3FF0036DBC01}.Debug|Any CPU.ActiveCfg = Debug|Any CPU
		{3968957C-2CDD-4BFC-94E2-3FF0036DBC01}.Debug|Any CPU.Build.0 = Debug|Any CPU
		{3968957C-2CDD-4BFC-94E2-3FF0036DBC01}.Release|Any CPU.ActiveCfg = Release|Any CPU
		{3968957C-2CDD-4BFC-94E2-3FF0036DBC01}.Release|Any CPU.Build.0 = Release|Any CPU
		{CA106992-FCAA-4A40-808E-9743E8C767CA}.Debug|Any CPU.ActiveCfg = Debug|Any CPU
		{CA106992-FCAA-4A40-808E-9743E8C767CA}.Debug|Any CPU.Build.0 = Debug|Any CPU
		{CA106992-FCAA-4A40-808E-9743E8C767CA}.Release|Any CPU.ActiveCfg = Release|Any CPU
		{CA106992-FCAA-4A40-808E-9743E8C767CA}.Release|Any CPU.Build.0 = Release|Any CPU
		{33CDDD00-5006-4DFE-982F-379D60B717E8}.Debug|Any CPU.ActiveCfg = Debug|Any CPU
		{33CDDD00-5006-4DFE-982F-379D60B717E8}.Debug|Any CPU.Build.0 = Debug|Any CPU
		{33CDDD00-5006-4DFE-982F-379D60B717E8}.Release|Any CPU.ActiveCfg = Release|Any CPU
		{33CDDD00-5006-4DFE-982F-379D60B717E8}.Release|Any CPU.Build.0 = Release|Any CPU
		{E0B99F41-CDDC-441E-81AA-7F49F24A9B1F}.Debug|Any CPU.ActiveCfg = Debug|Any CPU
		{E0B99F41-CDDC-441E-81AA-7F49F24A9B1F}.Debug|Any CPU.Build.0 = Debug|Any CPU
		{E0B99F41-CDDC-441E-81AA-7F49F24A9B1F}.Release|Any CPU.ActiveCfg = Release|Any CPU
		{E0B99F41-CDDC-441E-81AA-7F49F24A9B1F}.Release|Any CPU.Build.0 = Release|Any CPU
		{9229C5CC-AF91-4009-8959-9B122D2D9F29}.Debug|Any CPU.ActiveCfg = Debug|Any CPU
		{9229C5CC-AF91-4009-8959-9B122D2D9F29}.Debug|Any CPU.Build.0 = Debug|Any CPU
		{9229C5CC-AF91-4009-8959-9B122D2D9F29}.Release|Any CPU.ActiveCfg = Release|Any CPU
		{9229C5CC-AF91-4009-8959-9B122D2D9F29}.Release|Any CPU.Build.0 = Release|Any CPU
	EndGlobalSection
	GlobalSection(SolutionProperties) = preSolution
		HideSolutionNode = FALSE
	EndGlobalSection
EndGlobal
